
Microsoft Visual Studio Solution File, Format Version 12.00
# Visual Studio Version 16
VisualStudioVersion = 16.0.30907.101
MinimumVisualStudioVersion = 10.0.40219.1
Project("{FAE04EC0-301F-11D3-BF4B-00C04F79EFBC}") = "ASP.Exo.01", "ASP.Exo.01\ASP.Exo.01.csproj", "{9042C892-4B21-409A-8638-DDA2B67E3402}"
EndProject
Global
	GlobalSection(SolutionConfigurationPlatforms) = preSolution
		Debug|Any CPU = Debug|Any CPU
		Release|Any CPU = Release|Any CPU
	EndGlobalSection
	GlobalSection(ProjectConfigurationPlatforms) = postSolution
		{9042C892-4B21-409A-8638-DDA2B67E3402}.Debug|Any CPU.ActiveCfg = Debug|Any CPU
		{9042C892-4B21-409A-8638-DDA2B67E3402}.Debug|Any CPU.Build.0 = Debug|Any CPU
		{9042C892-4B21-409A-8638-DDA2B67E3402}.Release|Any CPU.ActiveCfg = Release|Any CPU
		{9042C892-4B21-409A-8638-DDA2B67E3402}.Release|Any CPU.Build.0 = Release|Any CPU
	EndGlobalSection
	GlobalSection(SolutionProperties) = preSolution
		HideSolutionNode = FALSE
	EndGlobalSection
	GlobalSection(ExtensibilityGlobals) = postSolution
		SolutionGuid = {455BD1EF-2CEC-4404-8191-2FB00256D7F4}
	EndGlobalSection
EndGlobal
